
Microsoft Visual Studio Solution File, Format Version 12.00
# Visual Studio Version 16
VisualStudioVersion = 16.0.29920.165
MinimumVisualStudioVersion = 10.0.40219.1
Project("{9A19103F-16F7-4668-BE54-9A1E7A4F7556}") = "Grains", "Grains.csproj", "{15EEA843-834C-431B-BE20-430396BA3D2A}"
EndProject
Global
	GlobalSection(SolutionConfigurationPlatforms) = preSolution
		Debug|Any CPU = Debug|Any CPU
		Release|Any CPU = Release|Any CPU
	EndGlobalSection
	GlobalSection(ProjectConfigurationPlatforms) = postSolution
		{15EEA843-834C-431B-BE20-430396BA3D2A}.Debug|Any CPU.ActiveCfg = Debug|Any CPU
		{15EEA843-834C-431B-BE20-430396BA3D2A}.Debug|Any CPU.Build.0 = Debug|Any CPU
		{15EEA843-834C-431B-BE20-430396BA3D2A}.Release|Any CPU.ActiveCfg = Release|Any CPU
		{15EEA843-834C-431B-BE20-430396BA3D2A}.Release|Any CPU.Build.0 = Release|Any CPU
	EndGlobalSection
	GlobalSection(SolutionProperties) = preSolution
		HideSolutionNode = FALSE
	EndGlobalSection
	GlobalSection(ExtensibilityGlobals) = postSolution
		SolutionGuid = {023C86E6-D2D9-4368-AC36-D31DC4531F4F}
	EndGlobalSection
EndGlobal
